// !$*UTF8*$!
{
	archiveVersion = 1;
	classes = {
	};
	objectVersion = 56;
	objects = {

/* Begin PBXBuildFile section */
		9009398E2A27ECEC000254BF /* CoffeeApp.swift in Sources */ = {isa = PBXBuildFile; fileRef = 9009398D2A27ECEC000254BF /* CoffeeApp.swift */; };
		900939902A27ECEC000254BF /* ContentView.swift in Sources */ = {isa = PBXBuildFile; fileRef = 9009398F2A27ECEC000254BF /* ContentView.swift */; };
		900939922A27ECEE000254BF /* Assets.xcassets in Resources */ = {isa = PBXBuildFile; fileRef = 900939912A27ECEE000254BF /* Assets.xcassets */; };
		900939952A27ECEE000254BF /* Preview Assets.xcassets in Resources */ = {isa = PBXBuildFile; fileRef = 900939942A27ECEE000254BF /* Preview Assets.xcassets */; };
		9009399F2A27ECEE000254BF /* CoffeeTests.swift in Sources */ = {isa = PBXBuildFile; fileRef = 9009399E2A27ECEE000254BF /* CoffeeTests.swift */; };
		900939A92A27ECEE000254BF /* CoffeeUITests.swift in Sources */ = {isa = PBXBuildFile; fileRef = 900939A82A27ECEE000254BF /* CoffeeUITests.swift */; };
		900939AB2A27ECEE000254BF /* CoffeeUITestsLaunchTests.swift in Sources */ = {isa = PBXBuildFile; fileRef = 900939AA2A27ECEE000254BF /* CoffeeUITestsLaunchTests.swift */; };
		900939B82A27EED6000254BF /* Models.swift in Sources */ = {isa = PBXBuildFile; fileRef = 900939B72A27EED6000254BF /* Models.swift */; };
		900939BA2A27EF59000254BF /* DealCardView.swift in Sources */ = {isa = PBXBuildFile; fileRef = 900939B92A27EF59000254BF /* DealCardView.swift */; };
		900939BE2A27EFFF000254BF /* MainScreenView.swift in Sources */ = {isa = PBXBuildFile; fileRef = 900939BD2A27EFFF000254BF /* MainScreenView.swift */; };
		900939C02A27F101000254BF /* DealFullPageView.swift in Sources */ = {isa = PBXBuildFile; fileRef = 900939BF2A27F101000254BF /* DealFullPageView.swift */; };
		9050FA032A2E785A00EE51C0 /* QRCodeView.swift in Sources */ = {isa = PBXBuildFile; fileRef = 9050FA022A2E785A00EE51C0 /* QRCodeView.swift */; };
		90C692732A27F30A00971B07 /* RewardsScreenView.swift in Sources */ = {isa = PBXBuildFile; fileRef = 90C692722A27F30A00971B07 /* RewardsScreenView.swift */; };
		90C692752A2830E400971B07 /* OnboardingView.swift in Sources */ = {isa = PBXBuildFile; fileRef = 90C692742A2830E400971B07 /* OnboardingView.swift */; };
		90C692772A28327B00971B07 /* ProfileView.swift in Sources */ = {isa = PBXBuildFile; fileRef = 90C692762A28327B00971B07 /* ProfileView.swift */; };
		90C692792A28346100971B07 /* SettingsView.swift in Sources */ = {isa = PBXBuildFile; fileRef = 90C692782A28346100971B07 /* SettingsView.swift */; };
		90C6927B2A2840BE00971B07 /* RewardCardView.swift in Sources */ = {isa = PBXBuildFile; fileRef = 90C6927A2A2840BE00971B07 /* RewardCardView.swift */; };
		90C6927D2A28EA3A00971B07 /* EditableProfileView.swift in Sources */ = {isa = PBXBuildFile; fileRef = 90C6927C2A28EA3A00971B07 /* EditableProfileView.swift */; };
		90C692812A293CE800971B07 /* DealDatabase.swift in Sources */ = {isa = PBXBuildFile; fileRef = 90C692802A293CE800971B07 /* DealDatabase.swift */; };
		90C692832A2961C100971B07 /* UserProfileDatabase.swift in Sources */ = {isa = PBXBuildFile; fileRef = 90C692822A2961C100971B07 /* UserProfileDatabase.swift */; };
		90C692872A296A9700971B07 /* RewardsDatabase.swift in Sources */ = {isa = PBXBuildFile; fileRef = 90C692862A296A9700971B07 /* RewardsDatabase.swift */; };
		90C692892A2CFF7A00971B07 /* Color+Extension.swift in Sources */ = {isa = PBXBuildFile; fileRef = 90C692882A2CFF7A00971B07 /* Color+Extension.swift */; };
		90C6928B2A2D30F500971B07 /* ShareScreenModal.swift in Sources */ = {isa = PBXBuildFile; fileRef = 90C6928A2A2D30F500971B07 /* ShareScreenModal.swift */; };
		90C6928D2A2E234B00971B07 /* FlashView.swift in Sources */ = {isa = PBXBuildFile; fileRef = 90C6928C2A2E234B00971B07 /* FlashView.swift */; };
		90C6928F2A2E280A00971B07 /* ShareButton.swift in Sources */ = {isa = PBXBuildFile; fileRef = 90C6928E2A2E280A00971B07 /* ShareButton.swift */; };
		90E098862A2E9F1200C3552F /* PageIndicator.swift in Sources */ = {isa = PBXBuildFile; fileRef = 90E098852A2E9F1200C3552F /* PageIndicator.swift */; };
		90E0988A2A2F76FA00C3552F /* RewardFullPageView.swift in Sources */ = {isa = PBXBuildFile; fileRef = 90E098892A2F76FA00C3552F /* RewardFullPageView.swift */; };
		90E0988C2A2FBC4700C3552F /* HeaderView.swift in Sources */ = {isa = PBXBuildFile; fileRef = 90E0988B2A2FBC4700C3552F /* HeaderView.swift */; };
/* End PBXBuildFile section */

/* Begin PBXContainerItemProxy section */
		9009399B2A27ECEE000254BF /* PBXContainerItemProxy */ = {
			isa = PBXContainerItemProxy;
			containerPortal = 900939822A27ECEC000254BF /* Project object */;
			proxyType = 1;
			remoteGlobalIDString = 900939892A27ECEC000254BF;
			remoteInfo = Coffee;
		};
		900939A52A27ECEE000254BF /* PBXContainerItemProxy */ = {
			isa = PBXContainerItemProxy;
			containerPortal = 900939822A27ECEC000254BF /* Project object */;
			proxyType = 1;
			remoteGlobalIDString = 900939892A27ECEC000254BF;
			remoteInfo = Coffee;
		};
/* End PBXContainerItemProxy section */

/* Begin PBXFileReference section */
		9009398A2A27ECEC000254BF /* Coffee.app */ = {isa = PBXFileReference; explicitFileType = wrapper.application; includeInIndex = 0; path = Coffee.app; sourceTree = BUILT_PRODUCTS_DIR; };
		9009398D2A27ECEC000254BF /* CoffeeApp.swift */ = {isa = PBXFileReference; lastKnownFileType = sourcecode.swift; path = CoffeeApp.swift; sourceTree = "<group>"; };
		9009398F2A27ECEC000254BF /* ContentView.swift */ = {isa = PBXFileReference; lastKnownFileType = sourcecode.swift; path = ContentView.swift; sourceTree = "<group>"; };
		900939912A27ECEE000254BF /* Assets.xcassets */ = {isa = PBXFileReference; lastKnownFileType = folder.assetcatalog; path = Assets.xcassets; sourceTree = "<group>"; };
		900939942A27ECEE000254BF /* Preview Assets.xcassets */ = {isa = PBXFileReference; lastKnownFileType = folder.assetcatalog; path = "Preview Assets.xcassets"; sourceTree = "<group>"; };
		9009399A2A27ECEE000254BF /* CoffeeTests.xctest */ = {isa = PBXFileReference; explicitFileType = wrapper.cfbundle; includeInIndex = 0; path = CoffeeTests.xctest; sourceTree = BUILT_PRODUCTS_DIR; };
		9009399E2A27ECEE000254BF /* CoffeeTests.swift */ = {isa = PBXFileReference; lastKnownFileType = sourcecode.swift; path = CoffeeTests.swift; sourceTree = "<group>"; };
		900939A42A27ECEE000254BF /* CoffeeUITests.xctest */ = {isa = PBXFileReference; explicitFileType = wrapper.cfbundle; includeInIndex = 0; path = CoffeeUITests.xctest; sourceTree = BUILT_PRODUCTS_DIR; };
		900939A82A27ECEE000254BF /* CoffeeUITests.swift */ = {isa = PBXFileReference; lastKnownFileType = sourcecode.swift; path = CoffeeUITests.swift; sourceTree = "<group>"; };
		900939AA2A27ECEE000254BF /* CoffeeUITestsLaunchTests.swift */ = {isa = PBXFileReference; lastKnownFileType = sourcecode.swift; path = CoffeeUITestsLaunchTests.swift; sourceTree = "<group>"; };
		900939B72A27EED6000254BF /* Models.swift */ = {isa = PBXFileReference; lastKnownFileType = sourcecode.swift; path = Models.swift; sourceTree = "<group>"; };
		900939B92A27EF59000254BF /* DealCardView.swift */ = {isa = PBXFileReference; lastKnownFileType = sourcecode.swift; path = DealCardView.swift; sourceTree = "<group>"; };
		900939BD2A27EFFF000254BF /* MainScreenView.swift */ = {isa = PBXFileReference; lastKnownFileType = sourcecode.swift; path = MainScreenView.swift; sourceTree = "<group>"; };
		900939BF2A27F101000254BF /* DealFullPageView.swift */ = {isa = PBXFileReference; lastKnownFileType = sourcecode.swift; path = DealFullPageView.swift; sourceTree = "<group>"; };
		9050FA022A2E785A00EE51C0 /* QRCodeView.swift */ = {isa = PBXFileReference; lastKnownFileType = sourcecode.swift; path = QRCodeView.swift; sourceTree = "<group>"; };
		90C692722A27F30A00971B07 /* RewardsScreenView.swift */ = {isa = PBXFileReference; lastKnownFileType = sourcecode.swift; path = RewardsScreenView.swift; sourceTree = "<group>"; };
		90C692742A2830E400971B07 /* OnboardingView.swift */ = {isa = PBXFileReference; lastKnownFileType = sourcecode.swift; path = OnboardingView.swift; sourceTree = "<group>"; };
		90C692762A28327B00971B07 /* ProfileView.swift */ = {isa = PBXFileReference; lastKnownFileType = sourcecode.swift; path = ProfileView.swift; sourceTree = "<group>"; };
		90C692782A28346100971B07 /* SettingsView.swift */ = {isa = PBXFileReference; lastKnownFileType = sourcecode.swift; path = SettingsView.swift; sourceTree = "<group>"; };
		90C6927A2A2840BE00971B07 /* RewardCardView.swift */ = {isa = PBXFileReference; lastKnownFileType = sourcecode.swift; path = RewardCardView.swift; sourceTree = "<group>"; };
		90C6927C2A28EA3A00971B07 /* EditableProfileView.swift */ = {isa = PBXFileReference; lastKnownFileType = sourcecode.swift; path = EditableProfileView.swift; sourceTree = "<group>"; };
		90C692802A293CE800971B07 /* DealDatabase.swift */ = {isa = PBXFileReference; lastKnownFileType = sourcecode.swift; path = DealDatabase.swift; sourceTree = "<group>"; };
		90C692822A2961C100971B07 /* UserProfileDatabase.swift */ = {isa = PBXFileReference; lastKnownFileType = sourcecode.swift; path = UserProfileDatabase.swift; sourceTree = "<group>"; };
		90C692862A296A9700971B07 /* RewardsDatabase.swift */ = {isa = PBXFileReference; lastKnownFileType = sourcecode.swift; path = RewardsDatabase.swift; sourceTree = "<group>"; };
		90C692882A2CFF7A00971B07 /* Color+Extension.swift */ = {isa = PBXFileReference; lastKnownFileType = sourcecode.swift; path = "Color+Extension.swift"; sourceTree = "<group>"; };
		90C6928A2A2D30F500971B07 /* ShareScreenModal.swift */ = {isa = PBXFileReference; lastKnownFileType = sourcecode.swift; path = ShareScreenModal.swift; sourceTree = "<group>"; };
		90C6928C2A2E234B00971B07 /* FlashView.swift */ = {isa = PBXFileReference; lastKnownFileType = sourcecode.swift; path = FlashView.swift; sourceTree = "<group>"; };
		90C6928E2A2E280A00971B07 /* ShareButton.swift */ = {isa = PBXFileReference; lastKnownFileType = sourcecode.swift; path = ShareButton.swift; sourceTree = "<group>"; };
		90E098852A2E9F1200C3552F /* PageIndicator.swift */ = {isa = PBXFileReference; lastKnownFileType = sourcecode.swift; path = PageIndicator.swift; sourceTree = "<group>"; };
		90E098892A2F76FA00C3552F /* RewardFullPageView.swift */ = {isa = PBXFileReference; lastKnownFileType = sourcecode.swift; path = RewardFullPageView.swift; sourceTree = "<group>"; };
		90E0988B2A2FBC4700C3552F /* HeaderView.swift */ = {isa = PBXFileReference; lastKnownFileType = sourcecode.swift; path = HeaderView.swift; sourceTree = "<group>"; };
/* End PBXFileReference section */

/* Begin PBXFrameworksBuildPhase section */
		900939872A27ECEC000254BF /* Frameworks */ = {
			isa = PBXFrameworksBuildPhase;
			buildActionMask = 2147483647;
			files = (
			);
			runOnlyForDeploymentPostprocessing = 0;
		};
		900939972A27ECEE000254BF /* Frameworks */ = {
			isa = PBXFrameworksBuildPhase;
			buildActionMask = 2147483647;
			files = (
			);
			runOnlyForDeploymentPostprocessing = 0;
		};
		900939A12A27ECEE000254BF /* Frameworks */ = {
			isa = PBXFrameworksBuildPhase;
			buildActionMask = 2147483647;
			files = (
			);
			runOnlyForDeploymentPostprocessing = 0;
		};
/* End PBXFrameworksBuildPhase section */

/* Begin PBXGroup section */
		900939812A27ECEC000254BF = {
			isa = PBXGroup;
			children = (
				9009398C2A27ECEC000254BF /* Coffee */,
				9009399D2A27ECEE000254BF /* CoffeeTests */,
				900939A72A27ECEE000254BF /* CoffeeUITests */,
				9009398B2A27ECEC000254BF /* Products */,
			);
			sourceTree = "<group>";
		};
		9009398B2A27ECEC000254BF /* Products */ = {
			isa = PBXGroup;
			children = (
				9009398A2A27ECEC000254BF /* Coffee.app */,
				9009399A2A27ECEE000254BF /* CoffeeTests.xctest */,
				900939A42A27ECEE000254BF /* CoffeeUITests.xctest */,
			);
			name = Products;
			sourceTree = "<group>";
		};
		9009398C2A27ECEC000254BF /* Coffee */ = {
			isa = PBXGroup;
			children = (
				900939C42A27F228000254BF /* Preview Content */,
				9009398D2A27ECEC000254BF /* CoffeeApp.swift */,
				90C692882A2CFF7A00971B07 /* Color+Extension.swift */,
				9009398F2A27ECEC000254BF /* ContentView.swift */,
				900939B92A27EF59000254BF /* DealCardView.swift */,
				90C692802A293CE800971B07 /* DealDatabase.swift */,
				900939BF2A27F101000254BF /* DealFullPageView.swift */,
				90C6927C2A28EA3A00971B07 /* EditableProfileView.swift */,
				90C6928C2A2E234B00971B07 /* FlashView.swift */,
				90E0988B2A2FBC4700C3552F /* HeaderView.swift */,
				900939BD2A27EFFF000254BF /* MainScreenView.swift */,
				900939B72A27EED6000254BF /* Models.swift */,
				90C692742A2830E400971B07 /* OnboardingView.swift */,
				90E098852A2E9F1200C3552F /* PageIndicator.swift */,
				90C692762A28327B00971B07 /* ProfileView.swift */,
				90C6927A2A2840BE00971B07 /* RewardCardView.swift */,
				90C692862A296A9700971B07 /* RewardsDatabase.swift */,
				90E098892A2F76FA00C3552F /* RewardFullPageView.swift */,
				90C692722A27F30A00971B07 /* RewardsScreenView.swift */,
				90C692782A28346100971B07 /* SettingsView.swift */,
				90C6928E2A2E280A00971B07 /* ShareButton.swift */,
				90C6928A2A2D30F500971B07 /* ShareScreenModal.swift */,
				90C692822A2961C100971B07 /* UserProfileDatabase.swift */,
				9050FA022A2E785A00EE51C0 /* QRCodeView.swift */,
			);
			path = Coffee;
			sourceTree = "<group>";
		};
		9009399D2A27ECEE000254BF /* CoffeeTests */ = {
			isa = PBXGroup;
			children = (
				9009399E2A27ECEE000254BF /* CoffeeTests.swift */,
			);
			path = CoffeeTests;
			sourceTree = "<group>";
		};
		900939A72A27ECEE000254BF /* CoffeeUITests */ = {
			isa = PBXGroup;
			children = (
				900939A82A27ECEE000254BF /* CoffeeUITests.swift */,
				900939AA2A27ECEE000254BF /* CoffeeUITestsLaunchTests.swift */,
			);
			path = CoffeeUITests;
			sourceTree = "<group>";
		};
		900939C42A27F228000254BF /* Preview Content */ = {
			isa = PBXGroup;
			children = (
				900939912A27ECEE000254BF /* Assets.xcassets */,
				900939942A27ECEE000254BF /* Preview Assets.xcassets */,
			);
			path = "Preview Content";
			sourceTree = "<group>";
		};
/* End PBXGroup section */

/* Begin PBXNativeTarget section */
		900939892A27ECEC000254BF /* Coffee */ = {
			isa = PBXNativeTarget;
			buildConfigurationList = 900939AE2A27ECEE000254BF /* Build configuration list for PBXNativeTarget "Coffee" */;
			buildPhases = (
				900939862A27ECEC000254BF /* Sources */,
				900939872A27ECEC000254BF /* Frameworks */,
				900939882A27ECEC000254BF /* Resources */,
			);
			buildRules = (
			);
			dependencies = (
			);
			name = Coffee;
			productName = Coffee;
			productReference = 9009398A2A27ECEC000254BF /* Coffee.app */;
			productType = "com.apple.product-type.application";
		};
		900939992A27ECEE000254BF /* CoffeeTests */ = {
			isa = PBXNativeTarget;
			buildConfigurationList = 900939B12A27ECEE000254BF /* Build configuration list for PBXNativeTarget "CoffeeTests" */;
			buildPhases = (
				900939962A27ECEE000254BF /* Sources */,
				900939972A27ECEE000254BF /* Frameworks */,
				900939982A27ECEE000254BF /* Resources */,
			);
			buildRules = (
			);
			dependencies = (
				9009399C2A27ECEE000254BF /* PBXTargetDependency */,
			);
			name = CoffeeTests;
			productName = CoffeeTests;
			productReference = 9009399A2A27ECEE000254BF /* CoffeeTests.xctest */;
			productType = "com.apple.product-type.bundle.unit-test";
		};
		900939A32A27ECEE000254BF /* CoffeeUITests */ = {
			isa = PBXNativeTarget;
			buildConfigurationList = 900939B42A27ECEE000254BF /* Build configuration list for PBXNativeTarget "CoffeeUITests" */;
			buildPhases = (
				900939A02A27ECEE000254BF /* Sources */,
				900939A12A27ECEE000254BF /* Frameworks */,
				900939A22A27ECEE000254BF /* Resources */,
			);
			buildRules = (
			);
			dependencies = (
				900939A62A27ECEE000254BF /* PBXTargetDependency */,
			);
			name = CoffeeUITests;
			productName = CoffeeUITests;
			productReference = 900939A42A27ECEE000254BF /* CoffeeUITests.xctest */;
			productType = "com.apple.product-type.bundle.ui-testing";
		};
/* End PBXNativeTarget section */

/* Begin PBXProject section */
		900939822A27ECEC000254BF /* Project object */ = {
			isa = PBXProject;
			attributes = {
				BuildIndependentTargetsInParallel = 1;
				LastSwiftUpdateCheck = 1430;
				LastUpgradeCheck = 1430;
				TargetAttributes = {
					900939892A27ECEC000254BF = {
						CreatedOnToolsVersion = 14.3;
					};
					900939992A27ECEE000254BF = {
						CreatedOnToolsVersion = 14.3;
						TestTargetID = 900939892A27ECEC000254BF;
					};
					900939A32A27ECEE000254BF = {
						CreatedOnToolsVersion = 14.3;
						TestTargetID = 900939892A27ECEC000254BF;
					};
				};
			};
			buildConfigurationList = 900939852A27ECEC000254BF /* Build configuration list for PBXProject "Coffee" */;
			compatibilityVersion = "Xcode 14.0";
			developmentRegion = en;
			hasScannedForEncodings = 0;
			knownRegions = (
				en,
				Base,
			);
			mainGroup = 900939812A27ECEC000254BF;
			productRefGroup = 9009398B2A27ECEC000254BF /* Products */;
			projectDirPath = "";
			projectRoot = "";
			targets = (
				900939892A27ECEC000254BF /* Coffee */,
				900939992A27ECEE000254BF /* CoffeeTests */,
				900939A32A27ECEE000254BF /* CoffeeUITests */,
			);
		};
/* End PBXProject section */

/* Begin PBXResourcesBuildPhase section */
		900939882A27ECEC000254BF /* Resources */ = {
			isa = PBXResourcesBuildPhase;
			buildActionMask = 2147483647;
			files = (
				900939952A27ECEE000254BF /* Preview Assets.xcassets in Resources */,
				900939922A27ECEE000254BF /* Assets.xcassets in Resources */,
			);
			runOnlyForDeploymentPostprocessing = 0;
		};
		900939982A27ECEE000254BF /* Resources */ = {
			isa = PBXResourcesBuildPhase;
			buildActionMask = 2147483647;
			files = (
			);
			runOnlyForDeploymentPostprocessing = 0;
		};
		900939A22A27ECEE000254BF /* Resources */ = {
			isa = PBXResourcesBuildPhase;
			buildActionMask = 2147483647;
			files = (
			);
			runOnlyForDeploymentPostprocessing = 0;
		};
/* End PBXResourcesBuildPhase section */

/* Begin PBXSourcesBuildPhase section */
		900939862A27ECEC000254BF /* Sources */ = {
			isa = PBXSourcesBuildPhase;
			buildActionMask = 2147483647;
			files = (
				900939B82A27EED6000254BF /* Models.swift in Sources */,
				90E0988A2A2F76FA00C3552F /* RewardFullPageView.swift in Sources */,
				90C692772A28327B00971B07 /* ProfileView.swift in Sources */,
				900939BE2A27EFFF000254BF /* MainScreenView.swift in Sources */,
				90C692752A2830E400971B07 /* OnboardingView.swift in Sources */,
				900939902A27ECEC000254BF /* ContentView.swift in Sources */,
				90C692832A2961C100971B07 /* UserProfileDatabase.swift in Sources */,
				900939BA2A27EF59000254BF /* DealCardView.swift in Sources */,
				90C692892A2CFF7A00971B07 /* Color+Extension.swift in Sources */,
				90C6927D2A28EA3A00971B07 /* EditableProfileView.swift in Sources */,
				90C692732A27F30A00971B07 /* RewardsScreenView.swift in Sources */,
				900939C02A27F101000254BF /* DealFullPageView.swift in Sources */,
				90C692812A293CE800971B07 /* DealDatabase.swift in Sources */,
				9050FA032A2E785A00EE51C0 /* QRCodeView.swift in Sources */,
				90C6927B2A2840BE00971B07 /* RewardCardView.swift in Sources */,
				90C692872A296A9700971B07 /* RewardsDatabase.swift in Sources */,
				9009398E2A27ECEC000254BF /* CoffeeApp.swift in Sources */,
				90C6928D2A2E234B00971B07 /* FlashView.swift in Sources */,
				90C6928B2A2D30F500971B07 /* ShareScreenModal.swift in Sources */,
				90C692792A28346100971B07 /* SettingsView.swift in Sources */,
				90E098862A2E9F1200C3552F /* PageIndicator.swift in Sources */,
				90E0988C2A2FBC4700C3552F /* HeaderView.swift in Sources */,
				90C6928F2A2E280A00971B07 /* ShareButton.swift in Sources */,
			);
			runOnlyForDeploymentPostprocessing = 0;
		};
		900939962A27ECEE000254BF /* Sources */ = {
			isa = PBXSourcesBuildPhase;
			buildActionMask = 2147483647;
			files = (
				9009399F2A27ECEE000254BF /* CoffeeTests.swift in Sources */,
			);
			runOnlyForDeploymentPostprocessing = 0;
		};
		900939A02A27ECEE000254BF /* Sources */ = {
			isa = PBXSourcesBuildPhase;
			buildActionMask = 2147483647;
			files = (
				900939AB2A27ECEE000254BF /* CoffeeUITestsLaunchTests.swift in Sources */,
				900939A92A27ECEE000254BF /* CoffeeUITests.swift in Sources */,
			);
			runOnlyForDeploymentPostprocessing = 0;
		};
/* End PBXSourcesBuildPhase section */

/* Begin PBXTargetDependency section */
		9009399C2A27ECEE000254BF /* PBXTargetDependency */ = {
			isa = PBXTargetDependency;
			target = 900939892A27ECEC000254BF /* Coffee */;
			targetProxy = 9009399B2A27ECEE000254BF /* PBXContainerItemProxy */;
		};
		900939A62A27ECEE000254BF /* PBXTargetDependency */ = {
			isa = PBXTargetDependency;
			target = 900939892A27ECEC000254BF /* Coffee */;
			targetProxy = 900939A52A27ECEE000254BF /* PBXContainerItemProxy */;
		};
/* End PBXTargetDependency section */

/* Begin XCBuildConfiguration section */
		900939AC2A27ECEE000254BF /* Debug */ = {
			isa = XCBuildConfiguration;
			buildSettings = {
				ALWAYS_SEARCH_USER_PATHS = NO;
				CLANG_ANALYZER_NONNULL = YES;
				CLANG_ANALYZER_NUMBER_OBJECT_CONVERSION = YES_AGGRESSIVE;
				CLANG_CXX_LANGUAGE_STANDARD = "gnu++20";
				CLANG_ENABLE_MODULES = YES;
				CLANG_ENABLE_OBJC_ARC = YES;
				CLANG_ENABLE_OBJC_WEAK = YES;
				CLANG_WARN_BLOCK_CAPTURE_AUTORELEASING = YES;
				CLANG_WARN_BOOL_CONVERSION = YES;
				CLANG_WARN_COMMA = YES;
				CLANG_WARN_CONSTANT_CONVERSION = YES;
				CLANG_WARN_DEPRECATED_OBJC_IMPLEMENTATIONS = YES;
				CLANG_WARN_DIRECT_OBJC_ISA_USAGE = YES_ERROR;
				CLANG_WARN_DOCUMENTATION_COMMENTS = YES;
				CLANG_WARN_EMPTY_BODY = YES;
				CLANG_WARN_ENUM_CONVERSION = YES;
				CLANG_WARN_INFINITE_RECURSION = YES;
				CLANG_WARN_INT_CONVERSION = YES;
				CLANG_WARN_NON_LITERAL_NULL_CONVERSION = YES;
				CLANG_WARN_OBJC_IMPLICIT_RETAIN_SELF = YES;
				CLANG_WARN_OBJC_LITERAL_CONVERSION = YES;
				CLANG_WARN_OBJC_ROOT_CLASS = YES_ERROR;
				CLANG_WARN_QUOTED_INCLUDE_IN_FRAMEWORK_HEADER = YES;
				CLANG_WARN_RANGE_LOOP_ANALYSIS = YES;
				CLANG_WARN_STRICT_PROTOTYPES = YES;
				CLANG_WARN_SUSPICIOUS_MOVE = YES;
				CLANG_WARN_UNGUARDED_AVAILABILITY = YES_AGGRESSIVE;
				CLANG_WARN_UNREACHABLE_CODE = YES;
				CLANG_WARN__DUPLICATE_METHOD_MATCH = YES;
				COPY_PHASE_STRIP = NO;
				DEBUG_INFORMATION_FORMAT = dwarf;
				ENABLE_STRICT_OBJC_MSGSEND = YES;
				ENABLE_TESTABILITY = YES;
				GCC_C_LANGUAGE_STANDARD = gnu11;
				GCC_DYNAMIC_NO_PIC = NO;
				GCC_NO_COMMON_BLOCKS = YES;
				GCC_OPTIMIZATION_LEVEL = 0;
				GCC_PREPROCESSOR_DEFINITIONS = (
					"DEBUG=1",
					"$(inherited)",
				);
				GCC_WARN_64_TO_32_BIT_CONVERSION = YES;
				GCC_WARN_ABOUT_RETURN_TYPE = YES_ERROR;
				GCC_WARN_UNDECLARED_SELECTOR = YES;
				GCC_WARN_UNINITIALIZED_AUTOS = YES_AGGRESSIVE;
				GCC_WARN_UNUSED_FUNCTION = YES;
				GCC_WARN_UNUSED_VARIABLE = YES;
				IPHONEOS_DEPLOYMENT_TARGET = 16.4;
				MTL_ENABLE_DEBUG_INFO = INCLUDE_SOURCE;
				MTL_FAST_MATH = YES;
				ONLY_ACTIVE_ARCH = YES;
				SDKROOT = iphoneos;
				SWIFT_ACTIVE_COMPILATION_CONDITIONS = DEBUG;
				SWIFT_OPTIMIZATION_LEVEL = "-Onone";
			};
			name = Debug;
		};
		900939AD2A27ECEE000254BF /* Release */ = {
			isa = XCBuildConfiguration;
			buildSettings = {
				ALWAYS_SEARCH_USER_PATHS = NO;
				CLANG_ANALYZER_NONNULL = YES;
				CLANG_ANALYZER_NUMBER_OBJECT_CONVERSION = YES_AGGRESSIVE;
				CLANG_CXX_LANGUAGE_STANDARD = "gnu++20";
				CLANG_ENABLE_MODULES = YES;
				CLANG_ENABLE_OBJC_ARC = YES;
				CLANG_ENABLE_OBJC_WEAK = YES;
				CLANG_WARN_BLOCK_CAPTURE_AUTORELEASING = YES;
				CLANG_WARN_BOOL_CONVERSION = YES;
				CLANG_WARN_COMMA = YES;
				CLANG_WARN_CONSTANT_CONVERSION = YES;
				CLANG_WARN_DEPRECATED_OBJC_IMPLEMENTATIONS = YES;
				CLANG_WARN_DIRECT_OBJC_ISA_USAGE = YES_ERROR;
				CLANG_WARN_DOCUMENTATION_COMMENTS = YES;
				CLANG_WARN_EMPTY_BODY = YES;
				CLANG_WARN_ENUM_CONVERSION = YES;
				CLANG_WARN_INFINITE_RECURSION = YES;
				CLANG_WARN_INT_CONVERSION = YES;
				CLANG_WARN_NON_LITERAL_NULL_CONVERSION = YES;
				CLANG_WARN_OBJC_IMPLICIT_RETAIN_SELF = YES;
				CLANG_WARN_OBJC_LITERAL_CONVERSION = YES;
				CLANG_WARN_OBJC_ROOT_CLASS = YES_ERROR;
				CLANG_WARN_QUOTED_INCLUDE_IN_FRAMEWORK_HEADER = YES;
				CLANG_WARN_RANGE_LOOP_ANALYSIS = YES;
				CLANG_WARN_STRICT_PROTOTYPES = YES;
				CLANG_WARN_SUSPICIOUS_MOVE = YES;
				CLANG_WARN_UNGUARDED_AVAILABILITY = YES_AGGRESSIVE;
				CLANG_WARN_UNREACHABLE_CODE = YES;
				CLANG_WARN__DUPLICATE_METHOD_MATCH = YES;
				COPY_PHASE_STRIP = NO;
				DEBUG_INFORMATION_FORMAT = "dwarf-with-dsym";
				ENABLE_NS_ASSERTIONS = NO;
				ENABLE_STRICT_OBJC_MSGSEND = YES;
				GCC_C_LANGUAGE_STANDARD = gnu11;
				GCC_NO_COMMON_BLOCKS = YES;
				GCC_WARN_64_TO_32_BIT_CONVERSION = YES;
				GCC_WARN_ABOUT_RETURN_TYPE = YES_ERROR;
				GCC_WARN_UNDECLARED_SELECTOR = YES;
				GCC_WARN_UNINITIALIZED_AUTOS = YES_AGGRESSIVE;
				GCC_WARN_UNUSED_FUNCTION = YES;
				GCC_WARN_UNUSED_VARIABLE = YES;
				IPHONEOS_DEPLOYMENT_TARGET = 16.4;
				MTL_ENABLE_DEBUG_INFO = NO;
				MTL_FAST_MATH = YES;
				SDKROOT = iphoneos;
				SWIFT_COMPILATION_MODE = wholemodule;
				SWIFT_OPTIMIZATION_LEVEL = "-O";
				VALIDATE_PRODUCT = YES;
			};
			name = Release;
		};
		900939AF2A27ECEE000254BF /* Debug */ = {
			isa = XCBuildConfiguration;
			buildSettings = {
				ASSETCATALOG_COMPILER_APPICON_NAME = AppIcon;
				ASSETCATALOG_COMPILER_GLOBAL_ACCENT_COLOR_NAME = AccentColor;
				ASSETCATALOG_COMPILER_INCLUDE_ALL_APPICON_ASSETS = NO;
				CODE_SIGN_STYLE = Automatic;
				CURRENT_PROJECT_VERSION = 1;
				DEVELOPMENT_ASSET_PATHS = "\"Coffee/Preview Content\"";
				DEVELOPMENT_TEAM = CQ27VXKYR3;
				ENABLE_PREVIEWS = YES;
				GENERATE_INFOPLIST_FILE = YES;
				INFOPLIST_KEY_CFBundleDisplayName = "Friends & Family - demo";
				INFOPLIST_KEY_UIApplicationSceneManifest_Generation = YES;
				INFOPLIST_KEY_UIApplicationSupportsIndirectInputEvents = YES;
				INFOPLIST_KEY_UILaunchScreen_Generation = YES;
				INFOPLIST_KEY_UISupportedInterfaceOrientations_iPad = "UIInterfaceOrientationPortrait UIInterfaceOrientationPortraitUpsideDown UIInterfaceOrientationLandscapeLeft UIInterfaceOrientationLandscapeRight";
				INFOPLIST_KEY_UISupportedInterfaceOrientations_iPhone = "UIInterfaceOrientationPortrait UIInterfaceOrientationLandscapeLeft UIInterfaceOrientationLandscapeRight";
				LD_RUNPATH_SEARCH_PATHS = (
					"$(inherited)",
					"@executable_path/Frameworks",
				);
				MARKETING_VERSION = 1.0;
				PRODUCT_BUNDLE_IDENTIFIER = friendsandfamily.app.Coffee;
				PRODUCT_NAME = "$(TARGET_NAME)";
				SUPPORTED_PLATFORMS = "iphoneos iphonesimulator";
				SUPPORTS_MACCATALYST = NO;
				SUPPORTS_MAC_DESIGNED_FOR_IPHONE_IPAD = YES;
				SWIFT_EMIT_LOC_STRINGS = YES;
				SWIFT_VERSION = 5.0;
				TARGETED_DEVICE_FAMILY = 1;
			};
			name = Debug;
		};
		900939B02A27ECEE000254BF /* Release */ = {
			isa = XCBuildConfiguration;
			buildSettings = {
				ASSETCATALOG_COMPILER_APPICON_NAME = AppIcon;
				ASSETCATALOG_COMPILER_GLOBAL_ACCENT_COLOR_NAME = AccentColor;
				ASSETCATALOG_COMPILER_INCLUDE_ALL_APPICON_ASSETS = NO;
				CODE_SIGN_STYLE = Automatic;
				CURRENT_PROJECT_VERSION = 1;
				DEVELOPMENT_ASSET_PATHS = "\"Coffee/Preview Content\"";
				DEVELOPMENT_TEAM = CQ27VXKYR3;
				ENABLE_PREVIEWS = YES;
				GENERATE_INFOPLIST_FILE = YES;
				INFOPLIST_KEY_CFBundleDisplayName = "Friends & Family - demo";
				INFOPLIST_KEY_UIApplicationSceneManifest_Generation = YES;
				INFOPLIST_KEY_UIApplicationSupportsIndirectInputEvents = YES;
				INFOPLIST_KEY_UILaunchScreen_Generation = YES;
				INFOPLIST_KEY_UISupportedInterfaceOrientations_iPad = "UIInterfaceOrientationPortrait UIInterfaceOrientationPortraitUpsideDown UIInterfaceOrientationLandscapeLeft UIInterfaceOrientationLandscapeRight";
				INFOPLIST_KEY_UISupportedInterfaceOrientations_iPhone = "UIInterfaceOrientationPortrait UIInterfaceOrientationLandscapeLeft UIInterfaceOrientationLandscapeRight";
				LD_RUNPATH_SEARCH_PATHS = (
					"$(inherited)",
					"@executable_path/Frameworks",
				);
				MARKETING_VERSION = 1.0;
				PRODUCT_BUNDLE_IDENTIFIER = friendsandfamily.app.Coffee;
				PRODUCT_NAME = "$(TARGET_NAME)";
				SUPPORTED_PLATFORMS = "iphoneos iphonesimulator";
				SUPPORTS_MACCATALYST = NO;
				SUPPORTS_MAC_DESIGNED_FOR_IPHONE_IPAD = YES;
				SWIFT_EMIT_LOC_STRINGS = YES;
				SWIFT_VERSION = 5.0;
				TARGETED_DEVICE_FAMILY = 1;
			};
			name = Release;
		};
		900939B22A27ECEE000254BF /* Debug */ = {
			isa = XCBuildConfiguration;
			buildSettings = {
				ALWAYS_EMBED_SWIFT_STANDARD_LIBRARIES = YES;
				BUNDLE_LOADER = "$(TEST_HOST)";
				CODE_SIGN_STYLE = Automatic;
				CURRENT_PROJECT_VERSION = 1;
				DEVELOPMENT_TEAM = CQ27VXKYR3;
				GENERATE_INFOPLIST_FILE = YES;
				IPHONEOS_DEPLOYMENT_TARGET = 16.4;
				MARKETING_VERSION = 1.0;
				PRODUCT_BUNDLE_IDENTIFIER = friendsandfamily.app.CoffeeTests;
				PRODUCT_NAME = "$(TARGET_NAME)";
				SWIFT_EMIT_LOC_STRINGS = NO;
				SWIFT_VERSION = 5.0;
				TARGETED_DEVICE_FAMILY = "1,2";
				TEST_HOST = "$(BUILT_PRODUCTS_DIR)/Coffee.app/$(BUNDLE_EXECUTABLE_FOLDER_PATH)/Coffee";
			};
			name = Debug;
		};
		900939B32A27ECEE000254BF /* Release */ = {
			isa = XCBuildConfiguration;
			buildSettings = {
				ALWAYS_EMBED_SWIFT_STANDARD_LIBRARIES = YES;
				BUNDLE_LOADER = "$(TEST_HOST)";
				CODE_SIGN_STYLE = Automatic;
				CURRENT_PROJECT_VERSION = 1;
				DEVELOPMENT_TEAM = CQ27VXKYR3;
				GENERATE_INFOPLIST_FILE = YES;
				IPHONEOS_DEPLOYMENT_TARGET = 16.4;
				MARKETING_VERSION = 1.0;
				PRODUCT_BUNDLE_IDENTIFIER = friendsandfamily.app.CoffeeTests;
				PRODUCT_NAME = "$(TARGET_NAME)";
				SWIFT_EMIT_LOC_STRINGS = NO;
				SWIFT_VERSION = 5.0;
				TARGETED_DEVICE_FAMILY = "1,2";
				TEST_HOST = "$(BUILT_PRODUCTS_DIR)/Coffee.app/$(BUNDLE_EXECUTABLE_FOLDER_PATH)/Coffee";
			};
			name = Release;
		};
		900939B52A27ECEE000254BF /* Debug */ = {
			isa = XCBuildConfiguration;
			buildSettings = {
				ALWAYS_EMBED_SWIFT_STANDARD_LIBRARIES = YES;
				CODE_SIGN_STYLE = Automatic;
				CURRENT_PROJECT_VERSION = 1;
				DEVELOPMENT_TEAM = CQ27VXKYR3;
				GENERATE_INFOPLIST_FILE = YES;
				MARKETING_VERSION = 1.0;
				PRODUCT_BUNDLE_IDENTIFIER = friendsandfamily.app.CoffeeUITests;
				PRODUCT_NAME = "$(TARGET_NAME)";
				SWIFT_EMIT_LOC_STRINGS = NO;
				SWIFT_VERSION = 5.0;
				TARGETED_DEVICE_FAMILY = "1,2";
				TEST_TARGET_NAME = Coffee;
			};
			name = Debug;
		};
		900939B62A27ECEE000254BF /* Release */ = {
			isa = XCBuildConfiguration;
			buildSettings = {
				ALWAYS_EMBED_SWIFT_STANDARD_LIBRARIES = YES;
				CODE_SIGN_STYLE = Automatic;
				CURRENT_PROJECT_VERSION = 1;
				DEVELOPMENT_TEAM = CQ27VXKYR3;
				GENERATE_INFOPLIST_FILE = YES;
				MARKETING_VERSION = 1.0;
				PRODUCT_BUNDLE_IDENTIFIER = friendsandfamily.app.CoffeeUITests;
				PRODUCT_NAME = "$(TARGET_NAME)";
				SWIFT_EMIT_LOC_STRINGS = NO;
				SWIFT_VERSION = 5.0;
				TARGETED_DEVICE_FAMILY = "1,2";
				TEST_TARGET_NAME = Coffee;
			};
			name = Release;
		};
/* End XCBuildConfiguration section */

/* Begin XCConfigurationList section */
		900939852A27ECEC000254BF /* Build configuration list for PBXProject "Coffee" */ = {
			isa = XCConfigurationList;
			buildConfigurations = (
				900939AC2A27ECEE000254BF /* Debug */,
				900939AD2A27ECEE000254BF /* Release */,
			);
			defaultConfigurationIsVisible = 0;
			defaultConfigurationName = Release;
		};
		900939AE2A27ECEE000254BF /* Build configuration list for PBXNativeTarget "Coffee" */ = {
			isa = XCConfigurationList;
			buildConfigurations = (
				900939AF2A27ECEE000254BF /* Debug */,
				900939B02A27ECEE000254BF /* Release */,
			);
			defaultConfigurationIsVisible = 0;
			defaultConfigurationName = Release;
		};
		900939B12A27ECEE000254BF /* Build configuration list for PBXNativeTarget "CoffeeTests" */ = {
			isa = XCConfigurationList;
			buildConfigurations = (
				900939B22A27ECEE000254BF /* Debug */,
				900939B32A27ECEE000254BF /* Release */,
			);
			defaultConfigurationIsVisible = 0;
			defaultConfigurationName = Release;
		};
		900939B42A27ECEE000254BF /* Build configuration list for PBXNativeTarget "CoffeeUITests" */ = {
			isa = XCConfigurationList;
			buildConfigurations = (
				900939B52A27ECEE000254BF /* Debug */,
				900939B62A27ECEE000254BF /* Release */,
			);
			defaultConfigurationIsVisible = 0;
			defaultConfigurationName = Release;
		};
/* End XCConfigurationList section */
	};
	rootObject = 900939822A27ECEC000254BF /* Project object */;
}
